// !$*UTF8*$!
{
	archiveVersion = 1;
	classes = {
	};
	objectVersion = 50;
	objects = {

/* Begin PBXBuildFile section */
		0763607F24E3D3ED0060C61B /* AppDelegate.swift in Sources */ = {isa = PBXBuildFile; fileRef = 0763607E24E3D3ED0060C61B /* AppDelegate.swift */; };
		0763608124E3D3ED0060C61B /* SceneDelegate.swift in Sources */ = {isa = PBXBuildFile; fileRef = 0763608024E3D3ED0060C61B /* SceneDelegate.swift */; };
		0763608324E3D3ED0060C61B /* ViewController.swift in Sources */ = {isa = PBXBuildFile; fileRef = 0763608224E3D3ED0060C61B /* ViewController.swift */; };
		0763608624E3D3ED0060C61B /* Main.storyboard in Resources */ = {isa = PBXBuildFile; fileRef = 0763608424E3D3ED0060C61B /* Main.storyboard */; };
		0763608824E3D3F00060C61B /* Assets.xcassets in Resources */ = {isa = PBXBuildFile; fileRef = 0763608724E3D3F00060C61B /* Assets.xcassets */; };
		0763608B24E3D3F00060C61B /* LaunchScreen.storyboard in Resources */ = {isa = PBXBuildFile; fileRef = 0763608924E3D3F00060C61B /* LaunchScreen.storyboard */; };
		0763609324E3DA380060C61B /* InputViewController.swift in Sources */ = {isa = PBXBuildFile; fileRef = 0763609224E3DA380060C61B /* InputViewController.swift */; };
		3D7768DD530FF49CFA6BBF3A /* Pods_taskApp.framework in Frameworks */ = {isa = PBXBuildFile; fileRef = FFBCEC3F8DB2C0A725ED45DC /* Pods_taskApp.framework */; };
/* End PBXBuildFile section */

/* Begin PBXFileReference section */
		0763607B24E3D3ED0060C61B /* taskApp.app */ = {isa = PBXFileReference; explicitFileType = wrapper.application; includeInIndex = 0; path = taskApp.app; sourceTree = BUILT_PRODUCTS_DIR; };
		0763607E24E3D3ED0060C61B /* AppDelegate.swift */ = {isa = PBXFileReference; lastKnownFileType = sourcecode.swift; path = AppDelegate.swift; sourceTree = "<group>"; };
		0763608024E3D3ED0060C61B /* SceneDelegate.swift */ = {isa = PBXFileReference; lastKnownFileType = sourcecode.swift; path = SceneDelegate.swift; sourceTree = "<group>"; };
		0763608224E3D3ED0060C61B /* ViewController.swift */ = {isa = PBXFileReference; lastKnownFileType = sourcecode.swift; path = ViewController.swift; sourceTree = "<group>"; };
		0763608524E3D3ED0060C61B /* Base */ = {isa = PBXFileReference; lastKnownFileType = file.storyboard; name = Base; path = Base.lproj/Main.storyboard; sourceTree = "<group>"; };
		0763608724E3D3F00060C61B /* Assets.xcassets */ = {isa = PBXFileReference; lastKnownFileType = folder.assetcatalog; path = Assets.xcassets; sourceTree = "<group>"; };
		0763608A24E3D3F00060C61B /* Base */ = {isa = PBXFileReference; lastKnownFileType = file.storyboard; name = Base; path = Base.lproj/LaunchScreen.storyboard; sourceTree = "<group>"; };
		0763608C24E3D3F00060C61B /* Info.plist */ = {isa = PBXFileReference; lastKnownFileType = text.plist.xml; path = Info.plist; sourceTree = "<group>"; };
		0763609224E3DA380060C61B /* InputViewController.swift */ = {isa = PBXFileReference; lastKnownFileType = sourcecode.swift; path = InputViewController.swift; sourceTree = "<group>"; };
		19C04F4C7366CFB79738C680 /* Pods-taskApp.debug.xcconfig */ = {isa = PBXFileReference; includeInIndex = 1; lastKnownFileType = text.xcconfig; name = "Pods-taskApp.debug.xcconfig"; path = "Target Support Files/Pods-taskApp/Pods-taskApp.debug.xcconfig"; sourceTree = "<group>"; };
		A5E5312ADA46385E013E4842 /* Pods-taskApp.release.xcconfig */ = {isa = PBXFileReference; includeInIndex = 1; lastKnownFileType = text.xcconfig; name = "Pods-taskApp.release.xcconfig"; path = "Target Support Files/Pods-taskApp/Pods-taskApp.release.xcconfig"; sourceTree = "<group>"; };
		FFBCEC3F8DB2C0A725ED45DC /* Pods_taskApp.framework */ = {isa = PBXFileReference; explicitFileType = wrapper.framework; includeInIndex = 0; path = Pods_taskApp.framework; sourceTree = BUILT_PRODUCTS_DIR; };
/* End PBXFileReference section */

/* Begin PBXFrameworksBuildPhase section */
		0763607824E3D3ED0060C61B /* Frameworks */ = {
			isa = PBXFrameworksBuildPhase;
			buildActionMask = 2147483647;
			files = (
				3D7768DD530FF49CFA6BBF3A /* Pods_taskApp.framework in Frameworks */,
			);
			runOnlyForDeploymentPostprocessing = 0;
		};
/* End PBXFrameworksBuildPhase section */

/* Begin PBXGroup section */
		0763607224E3D3ED0060C61B = {
			isa = PBXGroup;
			children = (
				0763607D24E3D3ED0060C61B /* taskApp */,
				0763607C24E3D3ED0060C61B /* Products */,
				BCED6DB1D46AEADE135BFA5B /* Pods */,
				7D03279F9EA5194FC94A3C5D /* Frameworks */,
			);
			sourceTree = "<group>";
		};
		0763607C24E3D3ED0060C61B /* Products */ = {
			isa = PBXGroup;
			children = (
				0763607B24E3D3ED0060C61B /* taskApp.app */,
			);
			name = Products;
			sourceTree = "<group>";
		};
		0763607D24E3D3ED0060C61B /* taskApp */ = {
			isa = PBXGroup;
			children = (
				0763607E24E3D3ED0060C61B /* AppDelegate.swift */,
				0763608024E3D3ED0060C61B /* SceneDelegate.swift */,
				0763608224E3D3ED0060C61B /* ViewController.swift */,
				0763609224E3DA380060C61B /* InputViewController.swift */,
				0763608424E3D3ED0060C61B /* Main.storyboard */,
				0763608724E3D3F00060C61B /* Assets.xcassets */,
				0763608924E3D3F00060C61B /* LaunchScreen.storyboard */,
				0763608C24E3D3F00060C61B /* Info.plist */,
			);
			path = taskApp;
			sourceTree = "<group>";
		};
		7D03279F9EA5194FC94A3C5D /* Frameworks */ = {
			isa = PBXGroup;
			children = (
				FFBCEC3F8DB2C0A725ED45DC /* Pods_taskApp.framework */,
			);
			name = Frameworks;
			sourceTree = "<group>";
		};
		BCED6DB1D46AEADE135BFA5B /* Pods */ = {
			isa = PBXGroup;
			children = (
				19C04F4C7366CFB79738C680 /* Pods-taskApp.debug.xcconfig */,
				A5E5312ADA46385E013E4842 /* Pods-taskApp.release.xcconfig */,
			);
			name = Pods;
			path = Pods;
			sourceTree = "<group>";
		};
/* End PBXGroup section */

/* Begin PBXNativeTarget section */
		0763607A24E3D3ED0060C61B /* taskApp */ = {
			isa = PBXNativeTarget;
			buildConfigurationList = 0763608F24E3D3F00060C61B /* Build configuration list for PBXNativeTarget "taskApp" */;
			buildPhases = (
				F7C389F5ABA580663C23AA73 /* [CP] Check Pods Manifest.lock */,
				0763607724E3D3ED0060C61B /* Sources */,
				0763607824E3D3ED0060C61B /* Frameworks */,
				0763607924E3D3ED0060C61B /* Resources */,
				6EA72A3F9CE65D6D9342C697 /* [CP] Embed Pods Frameworks */,
			);
			buildRules = (
			);
			dependencies = (
			);
			name = taskApp;
			productName = taskApp;
			productReference = 0763607B24E3D3ED0060C61B /* taskApp.app */;
			productType = "com.apple.product-type.application";
		};
/* End PBXNativeTarget section */

/* Begin PBXProject section */
		0763607324E3D3ED0060C61B /* Project object */ = {
			isa = PBXProject;
			attributes = {
				LastSwiftUpdateCheck = 1150;
				LastUpgradeCheck = 1150;
				ORGANIZATIONNAME = Ao.Nagasawa;
				TargetAttributes = {
					0763607A24E3D3ED0060C61B = {
						CreatedOnToolsVersion = 11.5;
					};
				};
			};
			buildConfigurationList = 0763607624E3D3ED0060C61B /* Build configuration list for PBXProject "taskApp" */;
			compatibilityVersion = "Xcode 9.3";
			developmentRegion = en;
			hasScannedForEncodings = 0;
			knownRegions = (
				en,
				Base,
			);
			mainGroup = 0763607224E3D3ED0060C61B;
			productRefGroup = 0763607C24E3D3ED0060C61B /* Products */;
			projectDirPath = "";
			projectRoot = "";
			targets = (
				0763607A24E3D3ED0060C61B /* taskApp */,
			);
		};
/* End PBXProject section */

/* Begin PBXResourcesBuildPhase section */
		0763607924E3D3ED0060C61B /* Resources */ = {
			isa = PBXResourcesBuildPhase;
			buildActionMask = 2147483647;
			files = (
				0763608B24E3D3F00060C61B /* LaunchScreen.storyboard in Resources */,
				0763608824E3D3F00060C61B /* Assets.xcassets in Resources */,
				0763608624E3D3ED0060C61B /* Main.storyboard in Resources */,
			);
			runOnlyForDeploymentPostprocessing = 0;
		};
/* End PBXResourcesBuildPhase section */

/* Begin PBXShellScriptBuildPhase section */
		6EA72A3F9CE65D6D9342C697 /* [CP] Embed Pods Frameworks */ = {
			isa = PBXShellScriptBuildPhase;
			buildActionMask = 2147483647;
			files = (
			);
			inputFileListPaths = (
				"${PODS_ROOT}/Target Support Files/Pods-taskApp/Pods-taskApp-frameworks-${CONFIGURATION}-input-files.xcfilelist",
			);
			name = "[CP] Embed Pods Frameworks";
			outputFileListPaths = (
				"${PODS_ROOT}/Target Support Files/Pods-taskApp/Pods-taskApp-frameworks-${CONFIGURATION}-output-files.xcfilelist",
			);
			runOnlyForDeploymentPostprocessing = 0;
			shellPath = /bin/sh;
			shellScript = "\"${PODS_ROOT}/Target Support Files/Pods-taskApp/Pods-taskApp-frameworks.sh\"\n";
			showEnvVarsInLog = 0;
		};
		F7C389F5ABA580663C23AA73 /* [CP] Check Pods Manifest.lock */ = {
			isa = PBXShellScriptBuildPhase;
			buildActionMask = 2147483647;
			files = (
			);
			inputFileListPaths = (
			);
			inputPaths = (
				"${PODS_PODFILE_DIR_PATH}/Podfile.lock",
				"${PODS_ROOT}/Manifest.lock",
			);
			name = "[CP] Check Pods Manifest.lock";
			outputFileListPaths = (
			);
			outputPaths = (
				"$(DERIVED_FILE_DIR)/Pods-taskApp-checkManifestLockResult.txt",
			);
			runOnlyForDeploymentPostprocessing = 0;
			shellPath = /bin/sh;
			shellScript = "diff \"${PODS_PODFILE_DIR_PATH}/Podfile.lock\" \"${PODS_ROOT}/Manifest.lock\" > /dev/null\nif [ $? != 0 ] ; then\n    # print error to STDERR\n    echo \"error: The sandbox is not in sync with the Podfile.lock. Run 'pod install' or update your CocoaPods installation.\" >&2\n    exit 1\nfi\n# This output is used by Xcode 'outputs' to avoid re-running this script phase.\necho \"SUCCESS\" > \"${SCRIPT_OUTPUT_FILE_0}\"\n";
			showEnvVarsInLog = 0;
		};
/* End PBXShellScriptBuildPhase section */

/* Begin PBXSourcesBuildPhase section */
		0763607724E3D3ED0060C61B /* Sources */ = {
			isa = PBXSourcesBuildPhase;
			buildActionMask = 2147483647;
			files = (
				0763608324E3D3ED0060C61B /* ViewController.swift in Sources */,
				0763607F24E3D3ED0060C61B /* AppDelegate.swift in Sources */,
				0763608124E3D3ED0060C61B /* SceneDelegate.swift in Sources */,
				0763609324E3DA380060C61B /* InputViewController.swift in Sources */,
			);
			runOnlyForDeploymentPostprocessing = 0;
		};
/* End PBXSourcesBuildPhase section */

/* Begin PBXVariantGroup section */
		0763608424E3D3ED0060C61B /* Main.storyboard */ = {
			isa = PBXVariantGroup;
			children = (
				0763608524E3D3ED0060C61B /* Base */,
			);
			name = Main.storyboard;
			sourceTree = "<group>";
		};
		0763608924E3D3F00060C61B /* LaunchScreen.storyboard */ = {
			isa = PBXVariantGroup;
			children = (
				0763608A24E3D3F00060C61B /* Base */,
			);
			name = LaunchScreen.storyboard;
			sourceTree = "<group>";
		};
/* End PBXVariantGroup section */

/* Begin XCBuildConfiguration section */
		0763608D24E3D3F00060C61B /* Debug */ = {
			isa = XCBuildConfiguration;
			buildSettings = {
				ALWAYS_SEARCH_USER_PATHS = NO;
				CLANG_ANALYZER_NONNULL = YES;
				CLANG_ANALYZER_NUMBER_OBJECT_CONVERSION = YES_AGGRESSIVE;
				CLANG_CXX_LANGUAGE_STANDARD = "gnu++14";
				CLANG_CXX_LIBRARY = "libc++";
				CLANG_ENABLE_MODULES = YES;
				CLANG_ENABLE_OBJC_ARC = YES;
				CLANG_ENABLE_OBJC_WEAK = YES;
				CLANG_WARN_BLOCK_CAPTURE_AUTORELEASING = YES;
				CLANG_WARN_BOOL_CONVERSION = YES;
				CLANG_WARN_COMMA = YES;
				CLANG_WARN_CONSTANT_CONVERSION = YES;
				CLANG_WARN_DEPRECATED_OBJC_IMPLEMENTATIONS = YES;
				CLANG_WARN_DIRECT_OBJC_ISA_USAGE = YES_ERROR;
				CLANG_WARN_DOCUMENTATION_COMMENTS = YES;
				CLANG_WARN_EMPTY_BODY = YES;
				CLANG_WARN_ENUM_CONVERSION = YES;
				CLANG_WARN_INFINITE_RECURSION = YES;
				CLANG_WARN_INT_CONVERSION = YES;
				CLANG_WARN_NON_LITERAL_NULL_CONVERSION = YES;
				CLANG_WARN_OBJC_IMPLICIT_RETAIN_SELF = YES;
				CLANG_WARN_OBJC_LITERAL_CONVERSION = YES;
				CLANG_WARN_OBJC_ROOT_CLASS = YES_ERROR;
				CLANG_WARN_RANGE_LOOP_ANALYSIS = YES;
				CLANG_WARN_STRICT_PROTOTYPES = YES;
				CLANG_WARN_SUSPICIOUS_MOVE = YES;
				CLANG_WARN_UNGUARDED_AVAILABILITY = YES_AGGRESSIVE;
				CLANG_WARN_UNREACHABLE_CODE = YES;
				CLANG_WARN__DUPLICATE_METHOD_MATCH = YES;
				COPY_PHASE_STRIP = NO;
				DEBUG_INFORMATION_FORMAT = dwarf;
				ENABLE_STRICT_OBJC_MSGSEND = YES;
				ENABLE_TESTABILITY = YES;
				GCC_C_LANGUAGE_STANDARD = gnu11;
				GCC_DYNAMIC_NO_PIC = NO;
				GCC_NO_COMMON_BLOCKS = YES;
				GCC_OPTIMIZATION_LEVEL = 0;
				GCC_PREPROCESSOR_DEFINITIONS = (
					"DEBUG=1",
					"$(inherited)",
				);
				GCC_WARN_64_TO_32_BIT_CONVERSION = YES;
				GCC_WARN_ABOUT_RETURN_TYPE = YES_ERROR;
				GCC_WARN_UNDECLARED_SELECTOR = YES;
				GCC_WARN_UNINITIALIZED_AUTOS = YES_AGGRESSIVE;
				GCC_WARN_UNUSED_FUNCTION = YES;
				GCC_WARN_UNUSED_VARIABLE = YES;
				IPHONEOS_DEPLOYMENT_TARGET = 13.5;
				MTL_ENABLE_DEBUG_INFO = INCLUDE_SOURCE;
				MTL_FAST_MATH = YES;
				ONLY_ACTIVE_ARCH = YES;
				SDKROOT = iphoneos;
				SWIFT_ACTIVE_COMPILATION_CONDITIONS = DEBUG;
				SWIFT_OPTIMIZATION_LEVEL = "-Onone";
			};
			name = Debug;
		};
		0763608E24E3D3F00060C61B /* Release */ = {
			isa = XCBuildConfiguration;
			buildSettings = {
				ALWAYS_SEARCH_USER_PATHS = NO;
				CLANG_ANALYZER_NONNULL = YES;
				CLANG_ANALYZER_NUMBER_OBJECT_CONVERSION = YES_AGGRESSIVE;
				CLANG_CXX_LANGUAGE_STANDARD = "gnu++14";
				CLANG_CXX_LIBRARY = "libc++";
				CLANG_ENABLE_MODULES = YES;
				CLANG_ENABLE_OBJC_ARC = YES;
				CLANG_ENABLE_OBJC_WEAK = YES;
				CLANG_WARN_BLOCK_CAPTURE_AUTORELEASING = YES;
				CLANG_WARN_BOOL_CONVERSION = YES;
				CLANG_WARN_COMMA = YES;
				CLANG_WARN_CONSTANT_CONVERSION = YES;
				CLANG_WARN_DEPRECATED_OBJC_IMPLEMENTATIONS = YES;
				CLANG_WARN_DIRECT_OBJC_ISA_USAGE = YES_ERROR;
				CLANG_WARN_DOCUMENTATION_COMMENTS = YES;
				CLANG_WARN_EMPTY_BODY = YES;
				CLANG_WARN_ENUM_CONVERSION = YES;
				CLANG_WARN_INFINITE_RECURSION = YES;
				CLANG_WARN_INT_CONVERSION = YES;
				CLANG_WARN_NON_LITERAL_NULL_CONVERSION = YES;
				CLANG_WARN_OBJC_IMPLICIT_RETAIN_SELF = YES;
				CLANG_WARN_OBJC_LITERAL_CONVERSION = YES;
				CLANG_WARN_OBJC_ROOT_CLASS = YES_ERROR;
				CLANG_WARN_RANGE_LOOP_ANALYSIS = YES;
				CLANG_WARN_STRICT_PROTOTYPES = YES;
				CLANG_WARN_SUSPICIOUS_MOVE = YES;
				CLANG_WARN_UNGUARDED_AVAILABILITY = YES_AGGRESSIVE;
				CLANG_WARN_UNREACHABLE_CODE = YES;
				CLANG_WARN__DUPLICATE_METHOD_MATCH = YES;
				COPY_PHASE_STRIP = NO;
				DEBUG_INFORMATION_FORMAT = "dwarf-with-dsym";
				ENABLE_NS_ASSERTIONS = NO;
				ENABLE_STRICT_OBJC_MSGSEND = YES;
				GCC_C_LANGUAGE_STANDARD = gnu11;
				GCC_NO_COMMON_BLOCKS = YES;
				GCC_WARN_64_TO_32_BIT_CONVERSION = YES;
				GCC_WARN_ABOUT_RETURN_TYPE = YES_ERROR;
				GCC_WARN_UNDECLARED_SELECTOR = YES;
				GCC_WARN_UNINITIALIZED_AUTOS = YES_AGGRESSIVE;
				GCC_WARN_UNUSED_FUNCTION = YES;
				GCC_WARN_UNUSED_VARIABLE = YES;
				IPHONEOS_DEPLOYMENT_TARGET = 13.5;
				MTL_ENABLE_DEBUG_INFO = NO;
				MTL_FAST_MATH = YES;
				SDKROOT = iphoneos;
				SWIFT_COMPILATION_MODE = wholemodule;
				SWIFT_OPTIMIZATION_LEVEL = "-O";
				VALIDATE_PRODUCT = YES;
			};
			name = Release;
		};
		0763609024E3D3F00060C61B /* Debug */ = {
			isa = XCBuildConfiguration;
			baseConfigurationReference = 19C04F4C7366CFB79738C680 /* Pods-taskApp.debug.xcconfig */;
			buildSettings = {
				ASSETCATALOG_COMPILER_APPICON_NAME = AppIcon;
				CODE_SIGN_STYLE = Automatic;
				DEVELOPMENT_TEAM = RKTMR2GCZ6;
				INFOPLIST_FILE = taskApp/Info.plist;
				LD_RUNPATH_SEARCH_PATHS = (
					"$(inherited)",
					"@executable_path/Frameworks",
				);
				PRODUCT_BUNDLE_IDENTIFIER = jp.techacademy.ao.nagasawa.taskApp;
				PRODUCT_NAME = "$(TARGET_NAME)";
				SWIFT_VERSION = 5.0;
				TARGETED_DEVICE_FAMILY = 1;
			};
			name = Debug;
		};
		0763609124E3D3F00060C61B /* Release */ = {
			isa = XCBuildConfiguration;
			baseConfigurationReference = A5E5312ADA46385E013E4842 /* Pods-taskApp.release.xcconfig */;
			buildSettings = {
				ASSETCATALOG_COMPILER_APPICON_NAME = AppIcon;
				CODE_SIGN_STYLE = Automatic;
				DEVELOPMENT_TEAM = RKTMR2GCZ6;
				INFOPLIST_FILE = taskApp/Info.plist;
				LD_RUNPATH_SEARCH_PATHS = (
					"$(inherited)",
					"@executable_path/Frameworks",
				);
				PRODUCT_BUNDLE_IDENTIFIER = jp.techacademy.ao.nagasawa.taskApp;
				PRODUCT_NAME = "$(TARGET_NAME)";
				SWIFT_VERSION = 5.0;
				TARGETED_DEVICE_FAMILY = 1;
			};
			name = Release;
		};
/* End XCBuildConfiguration section */

/* Begin XCConfigurationList section */
		0763607624E3D3ED0060C61B /* Build configuration list for PBXProject "taskApp" */ = {
			isa = XCConfigurationList;
			buildConfigurations = (
				0763608D24E3D3F00060C61B /* Debug */,
				0763608E24E3D3F00060C61B /* Release */,
			);
			defaultConfigurationIsVisible = 0;
			defaultConfigurationName = Release;
		};
		0763608F24E3D3F00060C61B /* Build configuration list for PBXNativeTarget "taskApp" */ = {
			isa = XCConfigurationList;
			buildConfigurations = (
				0763609024E3D3F00060C61B /* Debug */,
				0763609124E3D3F00060C61B /* Release */,
			);
			defaultConfigurationIsVisible = 0;
			defaultConfigurationName = Release;
		};
/* End XCConfigurationList section */
	};
	rootObject = 0763607324E3D3ED0060C61B /* Project object */;
}
